// !$*UTF8*$!
{
	archiveVersion = 1;
	classes = {
	};
	objectVersion = 46;
	objects = {

/* Begin PBXBuildFile section */
		005B1B511AF02C3200A318CE /* GlobalObjects.m in Sources */ = {isa = PBXBuildFile; fileRef = 005B1B441AF02C3200A318CE /* GlobalObjects.m */; };
		005B1B531AF02C3200A318CE /* MainViewController.m in Sources */ = {isa = PBXBuildFile; fileRef = 005B1B471AF02C3200A318CE /* MainViewController.m */; };
		005B1B541AF02C3200A318CE /* MapViewController.m in Sources */ = {isa = PBXBuildFile; fileRef = 005B1B491AF02C3200A318CE /* MapViewController.m */; };
		005B1B551AF02C3200A318CE /* ReportViewController.m in Sources */ = {isa = PBXBuildFile; fileRef = 005B1B4B1AF02C3200A318CE /* ReportViewController.m */; };
		005B1B561AF02C3200A318CE /* SelectViewController.m in Sources */ = {isa = PBXBuildFile; fileRef = 005B1B4D1AF02C3200A318CE /* SelectViewController.m */; };
		005B1B571AF02C3200A318CE /* StadiumViewController.m in Sources */ = {isa = PBXBuildFile; fileRef = 005B1B4F1AF02C3200A318CE /* StadiumViewController.m */; };
		00ECD0081AEFF988001021CD /* README.md in Sources */ = {isa = PBXBuildFile; fileRef = 00ECD0071AEFF988001021CD /* README.md */; };
		00ECD00B1AEFF9AF001021CD /* CloudKit.framework in Frameworks */ = {isa = PBXBuildFile; fileRef = 00ECD00A1AEFF9AF001021CD /* CloudKit.framework */; };
		00ECD00E1AF00F26001021CD /* CloudProvider.m in Sources */ = {isa = PBXBuildFile; fileRef = 00ECD00D1AF00F26001021CD /* CloudProvider.m */; };
		00ECD0111AF01F18001021CD /* Relato.m in Sources */ = {isa = PBXBuildFile; fileRef = 00ECD0101AF01F18001021CD /* Relato.m */; };
		49E69BE71AEF05F300D24A71 /* main.m in Sources */ = {isa = PBXBuildFile; fileRef = 49E69BE61AEF05F300D24A71 /* main.m */; };
		49E69BEA1AEF05F300D24A71 /* AppDelegate.m in Sources */ = {isa = PBXBuildFile; fileRef = 49E69BE91AEF05F300D24A71 /* AppDelegate.m */; };
		49E69BF01AEF05F300D24A71 /* Main.storyboard in Resources */ = {isa = PBXBuildFile; fileRef = 49E69BEE1AEF05F300D24A71 /* Main.storyboard */; };
		49E69BF21AEF05F300D24A71 /* Images.xcassets in Resources */ = {isa = PBXBuildFile; fileRef = 49E69BF11AEF05F300D24A71 /* Images.xcassets */; };
		49E69BF51AEF05F300D24A71 /* LaunchScreen.xib in Resources */ = {isa = PBXBuildFile; fileRef = 49E69BF31AEF05F300D24A71 /* LaunchScreen.xib */; };
		49E69C011AEF05F300D24A71 /* ZagaTests.m in Sources */ = {isa = PBXBuildFile; fileRef = 49E69C001AEF05F300D24A71 /* ZagaTests.m */; };
/* End PBXBuildFile section */

/* Begin PBXContainerItemProxy section */
		49E69BFB1AEF05F300D24A71 /* PBXContainerItemProxy */ = {
			isa = PBXContainerItemProxy;
			containerPortal = 49E69BD91AEF05F300D24A71 /* Project object */;
			proxyType = 1;
			remoteGlobalIDString = 49E69BE01AEF05F300D24A71;
			remoteInfo = Zaga;
		};
/* End PBXContainerItemProxy section */

/* Begin PBXFileReference section */
		005B1B431AF02C3200A318CE /* GlobalObjects.h */ = {isa = PBXFileReference; fileEncoding = 4; lastKnownFileType = sourcecode.c.h; path = GlobalObjects.h; sourceTree = "<group>"; };
		005B1B441AF02C3200A318CE /* GlobalObjects.m */ = {isa = PBXFileReference; fileEncoding = 4; lastKnownFileType = sourcecode.c.objc; path = GlobalObjects.m; sourceTree = "<group>"; };
		005B1B461AF02C3200A318CE /* MainViewController.h */ = {isa = PBXFileReference; fileEncoding = 4; lastKnownFileType = sourcecode.c.h; path = MainViewController.h; sourceTree = "<group>"; };
		005B1B471AF02C3200A318CE /* MainViewController.m */ = {isa = PBXFileReference; fileEncoding = 4; lastKnownFileType = sourcecode.c.objc; path = MainViewController.m; sourceTree = "<group>"; };
		005B1B481AF02C3200A318CE /* MapViewController.h */ = {isa = PBXFileReference; fileEncoding = 4; lastKnownFileType = sourcecode.c.h; path = MapViewController.h; sourceTree = "<group>"; };
		005B1B491AF02C3200A318CE /* MapViewController.m */ = {isa = PBXFileReference; fileEncoding = 4; lastKnownFileType = sourcecode.c.objc; path = MapViewController.m; sourceTree = "<group>"; };
		005B1B4A1AF02C3200A318CE /* ReportViewController.h */ = {isa = PBXFileReference; fileEncoding = 4; lastKnownFileType = sourcecode.c.h; path = ReportViewController.h; sourceTree = "<group>"; };
		005B1B4B1AF02C3200A318CE /* ReportViewController.m */ = {isa = PBXFileReference; fileEncoding = 4; lastKnownFileType = sourcecode.c.objc; path = ReportViewController.m; sourceTree = "<group>"; };
		005B1B4C1AF02C3200A318CE /* SelectViewController.h */ = {isa = PBXFileReference; fileEncoding = 4; lastKnownFileType = sourcecode.c.h; path = SelectViewController.h; sourceTree = "<group>"; };
		005B1B4D1AF02C3200A318CE /* SelectViewController.m */ = {isa = PBXFileReference; fileEncoding = 4; lastKnownFileType = sourcecode.c.objc; path = SelectViewController.m; sourceTree = "<group>"; };
		005B1B4E1AF02C3200A318CE /* StadiumViewController.h */ = {isa = PBXFileReference; fileEncoding = 4; lastKnownFileType = sourcecode.c.h; path = StadiumViewController.h; sourceTree = "<group>"; };
		005B1B4F1AF02C3200A318CE /* StadiumViewController.m */ = {isa = PBXFileReference; fileEncoding = 4; lastKnownFileType = sourcecode.c.objc; path = StadiumViewController.m; sourceTree = "<group>"; };
		00ECD0071AEFF988001021CD /* README.md */ = {isa = PBXFileReference; fileEncoding = 4; lastKnownFileType = net.daringfireball.markdown; path = README.md; sourceTree = "<group>"; };
		00ECD0091AEFF9A9001021CD /* Zaga.entitlements */ = {isa = PBXFileReference; lastKnownFileType = text.xml; path = Zaga.entitlements; sourceTree = "<group>"; };
		00ECD00A1AEFF9AF001021CD /* CloudKit.framework */ = {isa = PBXFileReference; lastKnownFileType = wrapper.framework; name = CloudKit.framework; path = System/Library/Frameworks/CloudKit.framework; sourceTree = SDKROOT; };
		00ECD00C1AF00F26001021CD /* CloudProvider.h */ = {isa = PBXFileReference; fileEncoding = 4; lastKnownFileType = sourcecode.c.h; path = CloudProvider.h; sourceTree = "<group>"; };
		00ECD00D1AF00F26001021CD /* CloudProvider.m */ = {isa = PBXFileReference; fileEncoding = 4; lastKnownFileType = sourcecode.c.objc; path = CloudProvider.m; sourceTree = "<group>"; };
		00ECD00F1AF01F18001021CD /* Relato.h */ = {isa = PBXFileReference; fileEncoding = 4; lastKnownFileType = sourcecode.c.h; path = Relato.h; sourceTree = "<group>"; };
		00ECD0101AF01F18001021CD /* Relato.m */ = {isa = PBXFileReference; fileEncoding = 4; lastKnownFileType = sourcecode.c.objc; path = Relato.m; sourceTree = "<group>"; };
		49E69BE11AEF05F300D24A71 /* Zaga.app */ = {isa = PBXFileReference; explicitFileType = wrapper.application; includeInIndex = 0; path = Zaga.app; sourceTree = BUILT_PRODUCTS_DIR; };
		49E69BE51AEF05F300D24A71 /* Info.plist */ = {isa = PBXFileReference; lastKnownFileType = text.plist.xml; path = Info.plist; sourceTree = "<group>"; };
		49E69BE61AEF05F300D24A71 /* main.m */ = {isa = PBXFileReference; lastKnownFileType = sourcecode.c.objc; path = main.m; sourceTree = "<group>"; };
		49E69BE81AEF05F300D24A71 /* AppDelegate.h */ = {isa = PBXFileReference; lastKnownFileType = sourcecode.c.h; path = AppDelegate.h; sourceTree = "<group>"; };
		49E69BE91AEF05F300D24A71 /* AppDelegate.m */ = {isa = PBXFileReference; lastKnownFileType = sourcecode.c.objc; path = AppDelegate.m; sourceTree = "<group>"; };
		49E69BEF1AEF05F300D24A71 /* Base */ = {isa = PBXFileReference; lastKnownFileType = file.storyboard; name = Base; path = Base.lproj/Main.storyboard; sourceTree = "<group>"; };
		49E69BF11AEF05F300D24A71 /* Images.xcassets */ = {isa = PBXFileReference; lastKnownFileType = folder.assetcatalog; path = Images.xcassets; sourceTree = "<group>"; };
		49E69BF41AEF05F300D24A71 /* Base */ = {isa = PBXFileReference; lastKnownFileType = file.xib; name = Base; path = Base.lproj/LaunchScreen.xib; sourceTree = "<group>"; };
		49E69BFA1AEF05F300D24A71 /* ZagaTests.xctest */ = {isa = PBXFileReference; explicitFileType = wrapper.cfbundle; includeInIndex = 0; path = ZagaTests.xctest; sourceTree = BUILT_PRODUCTS_DIR; };
		49E69BFF1AEF05F300D24A71 /* Info.plist */ = {isa = PBXFileReference; lastKnownFileType = text.plist.xml; path = Info.plist; sourceTree = "<group>"; };
		49E69C001AEF05F300D24A71 /* ZagaTests.m */ = {isa = PBXFileReference; lastKnownFileType = sourcecode.c.objc; path = ZagaTests.m; sourceTree = "<group>"; };
/* End PBXFileReference section */

/* Begin PBXFrameworksBuildPhase section */
		49E69BDE1AEF05F300D24A71 /* Frameworks */ = {
			isa = PBXFrameworksBuildPhase;
			buildActionMask = 2147483647;
			files = (
				00ECD00B1AEFF9AF001021CD /* CloudKit.framework in Frameworks */,
			);
			runOnlyForDeploymentPostprocessing = 0;
		};
		49E69BF71AEF05F300D24A71 /* Frameworks */ = {
			isa = PBXFrameworksBuildPhase;
			buildActionMask = 2147483647;
			files = (
			);
			runOnlyForDeploymentPostprocessing = 0;
		};
/* End PBXFrameworksBuildPhase section */

/* Begin PBXGroup section */
		49E69BD81AEF05F300D24A71 = {
			isa = PBXGroup;
			children = (
				00ECD00A1AEFF9AF001021CD /* CloudKit.framework */,
				49E69BE31AEF05F300D24A71 /* Zaga */,
				49E69BFD1AEF05F300D24A71 /* ZagaTests */,
				49E69BE21AEF05F300D24A71 /* Products */,
				00ECD0071AEFF988001021CD /* README.md */,
			);
			sourceTree = "<group>";
		};
		49E69BE21AEF05F300D24A71 /* Products */ = {
			isa = PBXGroup;
			children = (
				49E69BE11AEF05F300D24A71 /* Zaga.app */,
				49E69BFA1AEF05F300D24A71 /* ZagaTests.xctest */,
			);
			name = Products;
			sourceTree = "<group>";
		};
		49E69BE31AEF05F300D24A71 /* Zaga */ = {
			isa = PBXGroup;
			children = (
				005B1B431AF02C3200A318CE /* GlobalObjects.h */,
				005B1B441AF02C3200A318CE /* GlobalObjects.m */,
				005B1B461AF02C3200A318CE /* MainViewController.h */,
				005B1B471AF02C3200A318CE /* MainViewController.m */,
				005B1B481AF02C3200A318CE /* MapViewController.h */,
				005B1B491AF02C3200A318CE /* MapViewController.m */,
				005B1B4A1AF02C3200A318CE /* ReportViewController.h */,
				005B1B4B1AF02C3200A318CE /* ReportViewController.m */,
				005B1B4C1AF02C3200A318CE /* SelectViewController.h */,
				005B1B4D1AF02C3200A318CE /* SelectViewController.m */,
				005B1B4E1AF02C3200A318CE /* StadiumViewController.h */,
				005B1B4F1AF02C3200A318CE /* StadiumViewController.m */,
				00ECD0091AEFF9A9001021CD /* Zaga.entitlements */,
				49E69BE81AEF05F300D24A71 /* AppDelegate.h */,
				49E69BE91AEF05F300D24A71 /* AppDelegate.m */,
				49E69BEE1AEF05F300D24A71 /* Main.storyboard */,
				49E69BF11AEF05F300D24A71 /* Images.xcassets */,
				49E69BF31AEF05F300D24A71 /* LaunchScreen.xib */,
				49E69BE41AEF05F300D24A71 /* Supporting Files */,
				00ECD00C1AF00F26001021CD /* CloudProvider.h */,
				00ECD00D1AF00F26001021CD /* CloudProvider.m */,
				00ECD00F1AF01F18001021CD /* Relato.h */,
				00ECD0101AF01F18001021CD /* Relato.m */,
			);
			path = Zaga;
			sourceTree = "<group>";
		};
		49E69BE41AEF05F300D24A71 /* Supporting Files */ = {
			isa = PBXGroup;
			children = (
				49E69BE51AEF05F300D24A71 /* Info.plist */,
				49E69BE61AEF05F300D24A71 /* main.m */,
			);
			name = "Supporting Files";
			sourceTree = "<group>";
		};
		49E69BFD1AEF05F300D24A71 /* ZagaTests */ = {
			isa = PBXGroup;
			children = (
				49E69C001AEF05F300D24A71 /* ZagaTests.m */,
				49E69BFE1AEF05F300D24A71 /* Supporting Files */,
			);
			path = ZagaTests;
			sourceTree = "<group>";
		};
		49E69BFE1AEF05F300D24A71 /* Supporting Files */ = {
			isa = PBXGroup;
			children = (
				49E69BFF1AEF05F300D24A71 /* Info.plist */,
			);
			name = "Supporting Files";
			sourceTree = "<group>";
		};
/* End PBXGroup section */

/* Begin PBXNativeTarget section */
		49E69BE01AEF05F300D24A71 /* Zaga */ = {
			isa = PBXNativeTarget;
			buildConfigurationList = 49E69C041AEF05F300D24A71 /* Build configuration list for PBXNativeTarget "Zaga" */;
			buildPhases = (
				49E69BDD1AEF05F300D24A71 /* Sources */,
				49E69BDE1AEF05F300D24A71 /* Frameworks */,
				49E69BDF1AEF05F300D24A71 /* Resources */,
			);
			buildRules = (
			);
			dependencies = (
			);
			name = Zaga;
			productName = Zaga;
			productReference = 49E69BE11AEF05F300D24A71 /* Zaga.app */;
			productType = "com.apple.product-type.application";
		};
		49E69BF91AEF05F300D24A71 /* ZagaTests */ = {
			isa = PBXNativeTarget;
			buildConfigurationList = 49E69C071AEF05F300D24A71 /* Build configuration list for PBXNativeTarget "ZagaTests" */;
			buildPhases = (
				49E69BF61AEF05F300D24A71 /* Sources */,
				49E69BF71AEF05F300D24A71 /* Frameworks */,
				49E69BF81AEF05F300D24A71 /* Resources */,
			);
			buildRules = (
			);
			dependencies = (
				49E69BFC1AEF05F300D24A71 /* PBXTargetDependency */,
			);
			name = ZagaTests;
			productName = ZagaTests;
			productReference = 49E69BFA1AEF05F300D24A71 /* ZagaTests.xctest */;
			productType = "com.apple.product-type.bundle.unit-test";
		};
/* End PBXNativeTarget section */

/* Begin PBXProject section */
		49E69BD91AEF05F300D24A71 /* Project object */ = {
			isa = PBXProject;
			attributes = {
				LastUpgradeCheck = 0630;
				ORGANIZATIONNAME = "Miguel Araújo";
				TargetAttributes = {
					49E69BE01AEF05F300D24A71 = {
						CreatedOnToolsVersion = 6.3.1;
						DevelopmentTeam = 46HQV8ZA5C;
						SystemCapabilities = {
							com.apple.iCloud = {
								enabled = 1;
							};
						};
					};
					49E69BF91AEF05F300D24A71 = {
						CreatedOnToolsVersion = 6.3.1;
						TestTargetID = 49E69BE01AEF05F300D24A71;
					};
				};
			};
			buildConfigurationList = 49E69BDC1AEF05F300D24A71 /* Build configuration list for PBXProject "Zaga" */;
			compatibilityVersion = "Xcode 3.2";
			developmentRegion = English;
			hasScannedForEncodings = 0;
			knownRegions = (
				en,
				Base,
			);
			mainGroup = 49E69BD81AEF05F300D24A71;
			productRefGroup = 49E69BE21AEF05F300D24A71 /* Products */;
			projectDirPath = "";
			projectRoot = "";
			targets = (
				49E69BE01AEF05F300D24A71 /* Zaga */,
				49E69BF91AEF05F300D24A71 /* ZagaTests */,
			);
		};
/* End PBXProject section */

/* Begin PBXResourcesBuildPhase section */
		49E69BDF1AEF05F300D24A71 /* Resources */ = {
			isa = PBXResourcesBuildPhase;
			buildActionMask = 2147483647;
			files = (
				49E69BF01AEF05F300D24A71 /* Main.storyboard in Resources */,
				49E69BF51AEF05F300D24A71 /* LaunchScreen.xib in Resources */,
				49E69BF21AEF05F300D24A71 /* Images.xcassets in Resources */,
			);
			runOnlyForDeploymentPostprocessing = 0;
		};
		49E69BF81AEF05F300D24A71 /* Resources */ = {
			isa = PBXResourcesBuildPhase;
			buildActionMask = 2147483647;
			files = (
			);
			runOnlyForDeploymentPostprocessing = 0;
		};
/* End PBXResourcesBuildPhase section */

/* Begin PBXSourcesBuildPhase section */
		49E69BDD1AEF05F300D24A71 /* Sources */ = {
			isa = PBXSourcesBuildPhase;
			buildActionMask = 2147483647;
			files = (
				00ECD00E1AF00F26001021CD /* CloudProvider.m in Sources */,
				49E69BEA1AEF05F300D24A71 /* AppDelegate.m in Sources */,
				00ECD0081AEFF988001021CD /* README.md in Sources */,
				005B1B541AF02C3200A318CE /* MapViewController.m in Sources */,
				00ECD0111AF01F18001021CD /* Relato.m in Sources */,
				005B1B551AF02C3200A318CE /* ReportViewController.m in Sources */,
				005B1B531AF02C3200A318CE /* MainViewController.m in Sources */,
				49E69BE71AEF05F300D24A71 /* main.m in Sources */,
				005B1B561AF02C3200A318CE /* SelectViewController.m in Sources */,
				005B1B571AF02C3200A318CE /* StadiumViewController.m in Sources */,
				005B1B511AF02C3200A318CE /* GlobalObjects.m in Sources */,
			);
			runOnlyForDeploymentPostprocessing = 0;
		};
		49E69BF61AEF05F300D24A71 /* Sources */ = {
			isa = PBXSourcesBuildPhase;
			buildActionMask = 2147483647;
			files = (
				49E69C011AEF05F300D24A71 /* ZagaTests.m in Sources */,
			);
			runOnlyForDeploymentPostprocessing = 0;
		};
/* End PBXSourcesBuildPhase section */

/* Begin PBXTargetDependency section */
		49E69BFC1AEF05F300D24A71 /* PBXTargetDependency */ = {
			isa = PBXTargetDependency;
			target = 49E69BE01AEF05F300D24A71 /* Zaga */;
			targetProxy = 49E69BFB1AEF05F300D24A71 /* PBXContainerItemProxy */;
		};
/* End PBXTargetDependency section */

/* Begin PBXVariantGroup section */
		49E69BEE1AEF05F300D24A71 /* Main.storyboard */ = {
			isa = PBXVariantGroup;
			children = (
				49E69BEF1AEF05F300D24A71 /* Base */,
			);
			name = Main.storyboard;
			sourceTree = "<group>";
		};
		49E69BF31AEF05F300D24A71 /* LaunchScreen.xib */ = {
			isa = PBXVariantGroup;
			children = (
				49E69BF41AEF05F300D24A71 /* Base */,
			);
			name = LaunchScreen.xib;
			sourceTree = "<group>";
		};
/* End PBXVariantGroup section */

/* Begin XCBuildConfiguration section */
		49E69C021AEF05F300D24A71 /* Debug */ = {
			isa = XCBuildConfiguration;
			buildSettings = {
				ALWAYS_SEARCH_USER_PATHS = NO;
				CLANG_CXX_LANGUAGE_STANDARD = "gnu++0x";
				CLANG_CXX_LIBRARY = "libc++";
				CLANG_ENABLE_MODULES = YES;
				CLANG_ENABLE_OBJC_ARC = YES;
				CLANG_WARN_BOOL_CONVERSION = YES;
				CLANG_WARN_CONSTANT_CONVERSION = YES;
				CLANG_WARN_DIRECT_OBJC_ISA_USAGE = YES_ERROR;
				CLANG_WARN_EMPTY_BODY = YES;
				CLANG_WARN_ENUM_CONVERSION = YES;
				CLANG_WARN_INT_CONVERSION = YES;
				CLANG_WARN_OBJC_ROOT_CLASS = YES_ERROR;
				CLANG_WARN_UNREACHABLE_CODE = YES;
				CLANG_WARN__DUPLICATE_METHOD_MATCH = YES;
				"CODE_SIGN_IDENTITY[sdk=iphoneos*]" = "iPhone Developer";
				COPY_PHASE_STRIP = NO;
				DEBUG_INFORMATION_FORMAT = "dwarf-with-dsym";
				ENABLE_STRICT_OBJC_MSGSEND = YES;
				GCC_C_LANGUAGE_STANDARD = gnu99;
				GCC_DYNAMIC_NO_PIC = NO;
				GCC_NO_COMMON_BLOCKS = YES;
				GCC_OPTIMIZATION_LEVEL = 0;
				GCC_PREPROCESSOR_DEFINITIONS = (
					"DEBUG=1",
					"$(inherited)",
				);
				GCC_SYMBOLS_PRIVATE_EXTERN = NO;
				GCC_WARN_64_TO_32_BIT_CONVERSION = YES;
				GCC_WARN_ABOUT_RETURN_TYPE = YES_ERROR;
				GCC_WARN_UNDECLARED_SELECTOR = YES;
				GCC_WARN_UNINITIALIZED_AUTOS = YES_AGGRESSIVE;
				GCC_WARN_UNUSED_FUNCTION = YES;
				GCC_WARN_UNUSED_VARIABLE = YES;
				IPHONEOS_DEPLOYMENT_TARGET = 8.3;
				MTL_ENABLE_DEBUG_INFO = YES;
				ONLY_ACTIVE_ARCH = YES;
				SDKROOT = iphoneos;
			};
			name = Debug;
		};
		49E69C031AEF05F300D24A71 /* Release */ = {
			isa = XCBuildConfiguration;
			buildSettings = {
				ALWAYS_SEARCH_USER_PATHS = NO;
				CLANG_CXX_LANGUAGE_STANDARD = "gnu++0x";
				CLANG_CXX_LIBRARY = "libc++";
				CLANG_ENABLE_MODULES = YES;
				CLANG_ENABLE_OBJC_ARC = YES;
				CLANG_WARN_BOOL_CONVERSION = YES;
				CLANG_WARN_CONSTANT_CONVERSION = YES;
				CLANG_WARN_DIRECT_OBJC_ISA_USAGE = YES_ERROR;
				CLANG_WARN_EMPTY_BODY = YES;
				CLANG_WARN_ENUM_CONVERSION = YES;
				CLANG_WARN_INT_CONVERSION = YES;
				CLANG_WARN_OBJC_ROOT_CLASS = YES_ERROR;
				CLANG_WARN_UNREACHABLE_CODE = YES;
				CLANG_WARN__DUPLICATE_METHOD_MATCH = YES;
				"CODE_SIGN_IDENTITY[sdk=iphoneos*]" = "iPhone Developer";
				COPY_PHASE_STRIP = NO;
				DEBUG_INFORMATION_FORMAT = "dwarf-with-dsym";
				ENABLE_NS_ASSERTIONS = NO;
				ENABLE_STRICT_OBJC_MSGSEND = YES;
				GCC_C_LANGUAGE_STANDARD = gnu99;
				GCC_NO_COMMON_BLOCKS = YES;
				GCC_WARN_64_TO_32_BIT_CONVERSION = YES;
				GCC_WARN_ABOUT_RETURN_TYPE = YES_ERROR;
				GCC_WARN_UNDECLARED_SELECTOR = YES;
				GCC_WARN_UNINITIALIZED_AUTOS = YES_AGGRESSIVE;
				GCC_WARN_UNUSED_FUNCTION = YES;
				GCC_WARN_UNUSED_VARIABLE = YES;
				IPHONEOS_DEPLOYMENT_TARGET = 8.3;
				MTL_ENABLE_DEBUG_INFO = NO;
				SDKROOT = iphoneos;
				VALIDATE_PRODUCT = YES;
			};
			name = Release;
		};
		49E69C051AEF05F300D24A71 /* Debug */ = {
			isa = XCBuildConfiguration;
			buildSettings = {
				ASSETCATALOG_COMPILER_APPICON_NAME = AppIcon;
				CODE_SIGN_ENTITLEMENTS = Zaga/Zaga.entitlements;
				CODE_SIGN_IDENTITY = "iPhone Developer";
				"CODE_SIGN_IDENTITY[sdk=iphoneos*]" = "iPhone Developer";
				INFOPLIST_FILE = Zaga/Info.plist;
				LD_RUNPATH_SEARCH_PATHS = "$(inherited) @executable_path/Frameworks";
				PRODUCT_NAME = "$(TARGET_NAME)";
				PROVISIONING_PROFILE = "";
			};
			name = Debug;
		};
		49E69C061AEF05F300D24A71 /* Release */ = {
			isa = XCBuildConfiguration;
			buildSettings = {
				ASSETCATALOG_COMPILER_APPICON_NAME = AppIcon;
				CODE_SIGN_ENTITLEMENTS = Zaga/Zaga.entitlements;
				CODE_SIGN_IDENTITY = "iPhone Developer";
				"CODE_SIGN_IDENTITY[sdk=iphoneos*]" = "iPhone Developer";
				INFOPLIST_FILE = Zaga/Info.plist;
				LD_RUNPATH_SEARCH_PATHS = "$(inherited) @executable_path/Frameworks";
				PRODUCT_NAME = "$(TARGET_NAME)";
				PROVISIONING_PROFILE = "";
			};
			name = Release;
		};
		49E69C081AEF05F300D24A71 /* Debug */ = {
			isa = XCBuildConfiguration;
			buildSettings = {
				BUNDLE_LOADER = "$(TEST_HOST)";
				FRAMEWORK_SEARCH_PATHS = (
					"$(SDKROOT)/Developer/Library/Frameworks",
					"$(inherited)",
				);
				GCC_PREPROCESSOR_DEFINITIONS = (
					"DEBUG=1",
					"$(inherited)",
				);
				INFOPLIST_FILE = ZagaTests/Info.plist;
				LD_RUNPATH_SEARCH_PATHS = "$(inherited) @executable_path/Frameworks @loader_path/Frameworks";
				PRODUCT_NAME = "$(TARGET_NAME)";
				TEST_HOST = "$(BUILT_PRODUCTS_DIR)/Zaga.app/Zaga";
			};
			name = Debug;
		};
		49E69C091AEF05F300D24A71 /* Release */ = {
			isa = XCBuildConfiguration;
			buildSettings = {
				BUNDLE_LOADER = "$(TEST_HOST)";
				FRAMEWORK_SEARCH_PATHS = (
					"$(SDKROOT)/Developer/Library/Frameworks",
					"$(inherited)",
				);
				INFOPLIST_FILE = ZagaTests/Info.plist;
				LD_RUNPATH_SEARCH_PATHS = "$(inherited) @executable_path/Frameworks @loader_path/Frameworks";
				PRODUCT_NAME = "$(TARGET_NAME)";
				TEST_HOST = "$(BUILT_PRODUCTS_DIR)/Zaga.app/Zaga";
			};
			name = Release;
		};
/* End XCBuildConfiguration section */

/* Begin XCConfigurationList section */
		49E69BDC1AEF05F300D24A71 /* Build configuration list for PBXProject "Zaga" */ = {
			isa = XCConfigurationList;
			buildConfigurations = (
				49E69C021AEF05F300D24A71 /* Debug */,
				49E69C031AEF05F300D24A71 /* Release */,
			);
			defaultConfigurationIsVisible = 0;
			defaultConfigurationName = Release;
		};
		49E69C041AEF05F300D24A71 /* Build configuration list for PBXNativeTarget "Zaga" */ = {
			isa = XCConfigurationList;
			buildConfigurations = (
				49E69C051AEF05F300D24A71 /* Debug */,
				49E69C061AEF05F300D24A71 /* Release */,
			);
			defaultConfigurationIsVisible = 0;
			defaultConfigurationName = Release;
		};
		49E69C071AEF05F300D24A71 /* Build configuration list for PBXNativeTarget "ZagaTests" */ = {
			isa = XCConfigurationList;
			buildConfigurations = (
				49E69C081AEF05F300D24A71 /* Debug */,
				49E69C091AEF05F300D24A71 /* Release */,
			);
			defaultConfigurationIsVisible = 0;
			defaultConfigurationName = Release;
		};
/* End XCConfigurationList section */
	};
	rootObject = 49E69BD91AEF05F300D24A71 /* Project object */;
}
